
Microsoft Visual Studio Solution File, Format Version 12.00
# Visual Studio 15
VisualStudioVersion = 15.0.28307.705
MinimumVisualStudioVersion = 10.0.40219.1
Project("{FAE04EC0-301F-11D3-BF4B-00C04F79EFBC}") = "EscolaDeIdiomas.Domain", "EscolaDeIdiomas.Domain\EscolaDeIdiomas.Domain.csproj", "{22C5E134-3FA9-49C0-A44E-CD4204BA7A3F}"
EndProject
Project("{FAE04EC0-301F-11D3-BF4B-00C04F79EFBC}") = "EscolaDeIdioma.Mvc", "EscolaDeIdioma.Mvc\EscolaDeIdioma.Mvc.csproj", "{F5B1E869-7E1E-4729-9328-0CCD12FCF27B}"
EndProject
Project("{FAE04EC0-301F-11D3-BF4B-00C04F79EFBC}") = "EscolaDeIdioma.Data", "EscolaDeIdioma.Data\EscolaDeIdioma.Data.csproj", "{5206B867-FF20-4FFC-BF03-F0C01C430DD4}"
EndProject
Global
	GlobalSection(SolutionConfigurationPlatforms) = preSolution
		Debug|Any CPU = Debug|Any CPU
		Release|Any CPU = Release|Any CPU
	EndGlobalSection
	GlobalSection(ProjectConfigurationPlatforms) = postSolution
		{22C5E134-3FA9-49C0-A44E-CD4204BA7A3F}.Debug|Any CPU.ActiveCfg = Debug|Any CPU
		{22C5E134-3FA9-49C0-A44E-CD4204BA7A3F}.Debug|Any CPU.Build.0 = Debug|Any CPU
		{22C5E134-3FA9-49C0-A44E-CD4204BA7A3F}.Release|Any CPU.ActiveCfg = Release|Any CPU
		{22C5E134-3FA9-49C0-A44E-CD4204BA7A3F}.Release|Any CPU.Build.0 = Release|Any CPU
		{F5B1E869-7E1E-4729-9328-0CCD12FCF27B}.Debug|Any CPU.ActiveCfg = Debug|Any CPU
		{F5B1E869-7E1E-4729-9328-0CCD12FCF27B}.Debug|Any CPU.Build.0 = Debug|Any CPU
		{F5B1E869-7E1E-4729-9328-0CCD12FCF27B}.Release|Any CPU.ActiveCfg = Release|Any CPU
		{F5B1E869-7E1E-4729-9328-0CCD12FCF27B}.Release|Any CPU.Build.0 = Release|Any CPU
		{5206B867-FF20-4FFC-BF03-F0C01C430DD4}.Debug|Any CPU.ActiveCfg = Debug|Any CPU
		{5206B867-FF20-4FFC-BF03-F0C01C430DD4}.Debug|Any CPU.Build.0 = Debug|Any CPU
		{5206B867-FF20-4FFC-BF03-F0C01C430DD4}.Release|Any CPU.ActiveCfg = Release|Any CPU
		{5206B867-FF20-4FFC-BF03-F0C01C430DD4}.Release|Any CPU.Build.0 = Release|Any CPU
	EndGlobalSection
	GlobalSection(SolutionProperties) = preSolution
		HideSolutionNode = FALSE
	EndGlobalSection
	GlobalSection(ExtensibilityGlobals) = postSolution
		SolutionGuid = {320C7A86-8482-4085-B75A-78B43AEB4223}
	EndGlobalSection
EndGlobal
